
Microsoft Visual Studio Solution File, Format Version 12.00
# Visual Studio Version 17
VisualStudioVersion = 17.8.34525.116
MinimumVisualStudioVersion = 10.0.40219.1
Project("{FAE04EC0-301F-11D3-BF4B-00C04F79EFBC}") = "lab5oop", "lab5oop\lab5oop.csproj", "{4D1FDA96-E5A7-4348-9F4B-475E8E823B31}"
EndProject
Global
	GlobalSection(SolutionConfigurationPlatforms) = preSolution
		Debug|Any CPU = Debug|Any CPU
		Release|Any CPU = Release|Any CPU
	EndGlobalSection
	GlobalSection(ProjectConfigurationPlatforms) = postSolution
		{4D1FDA96-E5A7-4348-9F4B-475E8E823B31}.Debug|Any CPU.ActiveCfg = Debug|Any CPU
		{4D1FDA96-E5A7-4348-9F4B-475E8E823B31}.Debug|Any CPU.Build.0 = Debug|Any CPU
		{4D1FDA96-E5A7-4348-9F4B-475E8E823B31}.Release|Any CPU.ActiveCfg = Release|Any CPU
		{4D1FDA96-E5A7-4348-9F4B-475E8E823B31}.Release|Any CPU.Build.0 = Release|Any CPU
	EndGlobalSection
	GlobalSection(SolutionProperties) = preSolution
		HideSolutionNode = FALSE
	EndGlobalSection
	GlobalSection(ExtensibilityGlobals) = postSolution
		SolutionGuid = {4FD3DCBA-041D-46BD-A48B-FD229766A579}
	EndGlobalSection
EndGlobal
